// !$*UTF8*$!
{
	archiveVersion = 1;
	classes = {
	};
	objectVersion = 48;
	objects = {

/* Begin PBXBuildFile section */
		5D018DFD22AFBA8A0070A391 /* Address.swift in Sources */ = {isa = PBXBuildFile; fileRef = 5D018DFC22AFBA8A0070A391 /* Address.swift */; };
		5D018DFF22AFC3D00070A391 /* AddressDAOImp.swift in Sources */ = {isa = PBXBuildFile; fileRef = 5D018DFE22AFC3D00070A391 /* AddressDAOImp.swift */; };
		5D018E0422AFE1670070A391 /* AddressCell.swift in Sources */ = {isa = PBXBuildFile; fileRef = 5D018E0322AFE1670070A391 /* AddressCell.swift */; };
		5D04314122B500E600237013 /* HomeCell.swift in Sources */ = {isa = PBXBuildFile; fileRef = 5D04314022B500E600237013 /* HomeCell.swift */; };
		5D04314322B51A7700237013 /* Meal.swift in Sources */ = {isa = PBXBuildFile; fileRef = 5D04314222B51A7700237013 /* Meal.swift */; };
		5D04314522B51FCB00237013 /* Category.swift in Sources */ = {isa = PBXBuildFile; fileRef = 5D04314422B51FCB00237013 /* Category.swift */; };
		5D04314722B5208400237013 /* SubCategory.swift in Sources */ = {isa = PBXBuildFile; fileRef = 5D04314622B5208400237013 /* SubCategory.swift */; };
		5D04314922B520DC00237013 /* Additions.swift in Sources */ = {isa = PBXBuildFile; fileRef = 5D04314822B520DC00237013 /* Additions.swift */; };
		5D0BFC6F2292BE6300221F2B /* loginViewController.swift in Sources */ = {isa = PBXBuildFile; fileRef = 5D0BFC6E2292BE6300221F2B /* loginViewController.swift */; };
		5D3A9CDE22AD2C560060A5B4 /* GoogleService-Info.plist in Resources */ = {isa = PBXBuildFile; fileRef = 5D3A9CDD22AD2C560060A5B4 /* GoogleService-Info.plist */; };
		5D97A82F22AC72AF00A9D99F /* AddressesTabelViewController.swift in Sources */ = {isa = PBXBuildFile; fileRef = 5D97A82E22AC72AF00A9D99F /* AddressesTabelViewController.swift */; };
		5D97A83122AC9E4C00A9D99F /* login.swift in Sources */ = {isa = PBXBuildFile; fileRef = 5D97A83022AC9E4C00A9D99F /* login.swift */; };
		5D9C929E229F3AD700F6EF1D /* test2ViewController.swift in Sources */ = {isa = PBXBuildFile; fileRef = 5D9C929D229F3AD700F6EF1D /* test2ViewController.swift */; };
		5D9C92A022A01B4200F6EF1D /* DataModelOfCollabseTabel.swift in Sources */ = {isa = PBXBuildFile; fileRef = 5D9C929F22A01B4200F6EF1D /* DataModelOfCollabseTabel.swift */; };
		5D9C92A222A01D8400F6EF1D /* HeaderView.swift in Sources */ = {isa = PBXBuildFile; fileRef = 5D9C92A122A01D8400F6EF1D /* HeaderView.swift */; };
		5D9C92A422A0240300F6EF1D /* CollabseViewController.swift in Sources */ = {isa = PBXBuildFile; fileRef = 5D9C92A322A0240300F6EF1D /* CollabseViewController.swift */; };
		5D9C92A622A2CE2700F6EF1D /* HomeTableViewController.swift in Sources */ = {isa = PBXBuildFile; fileRef = 5D9C92A522A2CE2700F6EF1D /* HomeTableViewController.swift */; };
		5D9C92AA22A396B700F6EF1D /* AddToCardViewController.swift in Sources */ = {isa = PBXBuildFile; fileRef = 5D9C92A922A396B700F6EF1D /* AddToCardViewController.swift */; };
		5DA7652D2291703A002A4A3A /* AppDelegate.swift in Sources */ = {isa = PBXBuildFile; fileRef = 5DA7652C2291703A002A4A3A /* AppDelegate.swift */; };
		5DA7652F2291703A002A4A3A /* ViewController.swift in Sources */ = {isa = PBXBuildFile; fileRef = 5DA7652E2291703A002A4A3A /* ViewController.swift */; };
		5DA765322291703A002A4A3A /* Main.storyboard in Resources */ = {isa = PBXBuildFile; fileRef = 5DA765302291703A002A4A3A /* Main.storyboard */; };
		5DA765342291703A002A4A3A /* Assets.xcassets in Resources */ = {isa = PBXBuildFile; fileRef = 5DA765332291703A002A4A3A /* Assets.xcassets */; };
		5DA765372291703A002A4A3A /* LaunchScreen.storyboard in Resources */ = {isa = PBXBuildFile; fileRef = 5DA765352291703A002A4A3A /* LaunchScreen.storyboard */; };
		5DC94F5C229D62AE00C84FEC /* OrdersViewController.swift in Sources */ = {isa = PBXBuildFile; fileRef = 5DC94F5B229D62AE00C84FEC /* OrdersViewController.swift */; };
		5DECB10322ACD87C00C86027 /* CreateAccount.swift in Sources */ = {isa = PBXBuildFile; fileRef = 5DECB10222ACD87B00C86027 /* CreateAccount.swift */; };
		5DFCEDAF229C15300031650A /* Language.swift in Sources */ = {isa = PBXBuildFile; fileRef = 5DFCEDAE229C15300031650A /* Language.swift */; };
		5DFCEDB1229D4A1B0031650A /* HomeViewController.swift in Sources */ = {isa = PBXBuildFile; fileRef = 5DFCEDB0229D4A1B0031650A /* HomeViewController.swift */; };
		809942157BFD2A9CF2B0EBEB /* Pods_otlob.framework in Frameworks */ = {isa = PBXBuildFile; fileRef = F05E254DABB61A4403DBA02E /* Pods_otlob.framework */; };
		83FFFCA7229F320700C5D6CD /* testcontroller.swift in Sources */ = {isa = PBXBuildFile; fileRef = 83FFFCA6229F320700C5D6CD /* testcontroller.swift */; };
/* End PBXBuildFile section */

/* Begin PBXFileReference section */
		5D018DFC22AFBA8A0070A391 /* Address.swift */ = {isa = PBXFileReference; lastKnownFileType = sourcecode.swift; path = Address.swift; sourceTree = "<group>"; };
		5D018DFE22AFC3D00070A391 /* AddressDAOImp.swift */ = {isa = PBXFileReference; lastKnownFileType = sourcecode.swift; path = AddressDAOImp.swift; sourceTree = "<group>"; };
		5D018E0322AFE1670070A391 /* AddressCell.swift */ = {isa = PBXFileReference; lastKnownFileType = sourcecode.swift; path = AddressCell.swift; sourceTree = "<group>"; };
		5D04314022B500E600237013 /* HomeCell.swift */ = {isa = PBXFileReference; lastKnownFileType = sourcecode.swift; path = HomeCell.swift; sourceTree = "<group>"; };
		5D04314222B51A7700237013 /* Meal.swift */ = {isa = PBXFileReference; lastKnownFileType = sourcecode.swift; path = Meal.swift; sourceTree = "<group>"; };
		5D04314422B51FCB00237013 /* Category.swift */ = {isa = PBXFileReference; lastKnownFileType = sourcecode.swift; path = Category.swift; sourceTree = "<group>"; };
		5D04314622B5208400237013 /* SubCategory.swift */ = {isa = PBXFileReference; lastKnownFileType = sourcecode.swift; path = SubCategory.swift; sourceTree = "<group>"; };
		5D04314822B520DC00237013 /* Additions.swift */ = {isa = PBXFileReference; lastKnownFileType = sourcecode.swift; path = Additions.swift; sourceTree = "<group>"; };
		5D0BFC6E2292BE6300221F2B /* loginViewController.swift */ = {isa = PBXFileReference; lastKnownFileType = sourcecode.swift; path = loginViewController.swift; sourceTree = "<group>"; };
		5D3A9CDD22AD2C560060A5B4 /* GoogleService-Info.plist */ = {isa = PBXFileReference; fileEncoding = 4; lastKnownFileType = text.plist.xml; path = "GoogleService-Info.plist"; sourceTree = "<group>"; };
		5D97A82E22AC72AF00A9D99F /* AddressesTabelViewController.swift */ = {isa = PBXFileReference; lastKnownFileType = sourcecode.swift; path = AddressesTabelViewController.swift; sourceTree = "<group>"; };
		5D97A83022AC9E4C00A9D99F /* login.swift */ = {isa = PBXFileReference; lastKnownFileType = sourcecode.swift; path = login.swift; sourceTree = "<group>"; };
		5D9C929D229F3AD700F6EF1D /* test2ViewController.swift */ = {isa = PBXFileReference; lastKnownFileType = sourcecode.swift; path = test2ViewController.swift; sourceTree = "<group>"; };
		5D9C929F22A01B4200F6EF1D /* DataModelOfCollabseTabel.swift */ = {isa = PBXFileReference; lastKnownFileType = sourcecode.swift; path = DataModelOfCollabseTabel.swift; sourceTree = "<group>"; };
		5D9C92A122A01D8400F6EF1D /* HeaderView.swift */ = {isa = PBXFileReference; lastKnownFileType = sourcecode.swift; path = HeaderView.swift; sourceTree = "<group>"; };
		5D9C92A322A0240300F6EF1D /* CollabseViewController.swift */ = {isa = PBXFileReference; lastKnownFileType = sourcecode.swift; path = CollabseViewController.swift; sourceTree = "<group>"; };
		5D9C92A522A2CE2700F6EF1D /* HomeTableViewController.swift */ = {isa = PBXFileReference; lastKnownFileType = sourcecode.swift; path = HomeTableViewController.swift; sourceTree = "<group>"; };
		5D9C92A922A396B700F6EF1D /* AddToCardViewController.swift */ = {isa = PBXFileReference; lastKnownFileType = sourcecode.swift; path = AddToCardViewController.swift; sourceTree = "<group>"; };
		5DA765292291703A002A4A3A /* otlob.app */ = {isa = PBXFileReference; explicitFileType = wrapper.application; includeInIndex = 0; path = otlob.app; sourceTree = BUILT_PRODUCTS_DIR; };
		5DA7652C2291703A002A4A3A /* AppDelegate.swift */ = {isa = PBXFileReference; lastKnownFileType = sourcecode.swift; path = AppDelegate.swift; sourceTree = "<group>"; };
		5DA7652E2291703A002A4A3A /* ViewController.swift */ = {isa = PBXFileReference; lastKnownFileType = sourcecode.swift; path = ViewController.swift; sourceTree = "<group>"; };
		5DA765312291703A002A4A3A /* Base */ = {isa = PBXFileReference; lastKnownFileType = file.storyboard; name = Base; path = Base.lproj/Main.storyboard; sourceTree = "<group>"; };
		5DA765332291703A002A4A3A /* Assets.xcassets */ = {isa = PBXFileReference; lastKnownFileType = folder.assetcatalog; path = Assets.xcassets; sourceTree = "<group>"; };
		5DA765362291703A002A4A3A /* Base */ = {isa = PBXFileReference; lastKnownFileType = file.storyboard; name = Base; path = Base.lproj/LaunchScreen.storyboard; sourceTree = "<group>"; };
		5DA765382291703A002A4A3A /* Info.plist */ = {isa = PBXFileReference; lastKnownFileType = text.plist.xml; path = Info.plist; sourceTree = "<group>"; };
		5DC94F5B229D62AE00C84FEC /* OrdersViewController.swift */ = {isa = PBXFileReference; lastKnownFileType = sourcecode.swift; path = OrdersViewController.swift; sourceTree = "<group>"; };
		5DECB10222ACD87B00C86027 /* CreateAccount.swift */ = {isa = PBXFileReference; lastKnownFileType = sourcecode.swift; path = CreateAccount.swift; sourceTree = "<group>"; };
		5DFCEDAE229C15300031650A /* Language.swift */ = {isa = PBXFileReference; lastKnownFileType = sourcecode.swift; path = Language.swift; sourceTree = "<group>"; };
		5DFCEDB0229D4A1B0031650A /* HomeViewController.swift */ = {isa = PBXFileReference; lastKnownFileType = sourcecode.swift; path = HomeViewController.swift; sourceTree = "<group>"; };
		629F67FFEE70DB475EF2AD59 /* Pods-otlob.debug.xcconfig */ = {isa = PBXFileReference; includeInIndex = 1; lastKnownFileType = text.xcconfig; name = "Pods-otlob.debug.xcconfig"; path = "Pods/Target Support Files/Pods-otlob/Pods-otlob.debug.xcconfig"; sourceTree = "<group>"; };
		6F3656C1126A391357E01CEC /* Pods-otlob.release.xcconfig */ = {isa = PBXFileReference; includeInIndex = 1; lastKnownFileType = text.xcconfig; name = "Pods-otlob.release.xcconfig"; path = "Pods/Target Support Files/Pods-otlob/Pods-otlob.release.xcconfig"; sourceTree = "<group>"; };
		83FFFCA6229F320700C5D6CD /* testcontroller.swift */ = {isa = PBXFileReference; lastKnownFileType = sourcecode.swift; path = testcontroller.swift; sourceTree = "<group>"; };
		F05E254DABB61A4403DBA02E /* Pods_otlob.framework */ = {isa = PBXFileReference; explicitFileType = wrapper.framework; includeInIndex = 0; path = Pods_otlob.framework; sourceTree = BUILT_PRODUCTS_DIR; };
/* End PBXFileReference section */

/* Begin PBXFrameworksBuildPhase section */
		5DA765262291703A002A4A3A /* Frameworks */ = {
			isa = PBXFrameworksBuildPhase;
			buildActionMask = 2147483647;
			files = (
				809942157BFD2A9CF2B0EBEB /* Pods_otlob.framework in Frameworks */,
			);
			runOnlyForDeploymentPostprocessing = 0;
		};
/* End PBXFrameworksBuildPhase section */

/* Begin PBXGroup section */
		5D018DFB22AFBA610070A391 /* model */ = {
			isa = PBXGroup;
			children = (
				5D018DFC22AFBA8A0070A391 /* Address.swift */,
				5D018DFE22AFC3D00070A391 /* AddressDAOImp.swift */,
				5D04314222B51A7700237013 /* Meal.swift */,
				5D04314422B51FCB00237013 /* Category.swift */,
				5D04314622B5208400237013 /* SubCategory.swift */,
				5D04314822B520DC00237013 /* Additions.swift */,
			);
			path = model;
			sourceTree = "<group>";
		};
		5D018E0022AFE0AC0070A391 /* cell */ = {
			isa = PBXGroup;
			children = (
				5D018E0322AFE1670070A391 /* AddressCell.swift */,
				5D04314022B500E600237013 /* HomeCell.swift */,
			);
			path = cell;
			sourceTree = "<group>";
		};
		5DA765202291703A002A4A3A = {
			isa = PBXGroup;
			children = (
				5DA7652B2291703A002A4A3A /* otlob */,
				5DA7652A2291703A002A4A3A /* Products */,
				D29C652CC4A29DB7D642C98A /* Pods */,
				C332234247C7A9AC8EF2A430 /* Frameworks */,
			);
			sourceTree = "<group>";
		};
		5DA7652A2291703A002A4A3A /* Products */ = {
			isa = PBXGroup;
			children = (
				5DA765292291703A002A4A3A /* otlob.app */,
			);
			name = Products;
			sourceTree = "<group>";
		};
		5DA7652B2291703A002A4A3A /* otlob */ = {
			isa = PBXGroup;
			children = (
				5D018E0022AFE0AC0070A391 /* cell */,
				5D018DFB22AFBA610070A391 /* model */,
				5DA7652C2291703A002A4A3A /* AppDelegate.swift */,
				5DA7652E2291703A002A4A3A /* ViewController.swift */,
				5DA765302291703A002A4A3A /* Main.storyboard */,
				5DA765332291703A002A4A3A /* Assets.xcassets */,
				5DA765352291703A002A4A3A /* LaunchScreen.storyboard */,
				5D3A9CDD22AD2C560060A5B4 /* GoogleService-Info.plist */,
				5DA765382291703A002A4A3A /* Info.plist */,
				5D0BFC6E2292BE6300221F2B /* loginViewController.swift */,
				5DFCEDAE229C15300031650A /* Language.swift */,
				5DFCEDB0229D4A1B0031650A /* HomeViewController.swift */,
				5DC94F5B229D62AE00C84FEC /* OrdersViewController.swift */,
				83FFFCA6229F320700C5D6CD /* testcontroller.swift */,
				5D9C929D229F3AD700F6EF1D /* test2ViewController.swift */,
				5D9C929F22A01B4200F6EF1D /* DataModelOfCollabseTabel.swift */,
				5D9C92A122A01D8400F6EF1D /* HeaderView.swift */,
				5D9C92A322A0240300F6EF1D /* CollabseViewController.swift */,
				5D9C92A522A2CE2700F6EF1D /* HomeTableViewController.swift */,
				5D9C92A922A396B700F6EF1D /* AddToCardViewController.swift */,
				5D97A82E22AC72AF00A9D99F /* AddressesTabelViewController.swift */,
				5D97A83022AC9E4C00A9D99F /* login.swift */,
				5DECB10222ACD87B00C86027 /* CreateAccount.swift */,
			);
			path = otlob;
			sourceTree = "<group>";
		};
		C332234247C7A9AC8EF2A430 /* Frameworks */ = {
			isa = PBXGroup;
			children = (
				F05E254DABB61A4403DBA02E /* Pods_otlob.framework */,
			);
			name = Frameworks;
			sourceTree = "<group>";
		};
		D29C652CC4A29DB7D642C98A /* Pods */ = {
			isa = PBXGroup;
			children = (
				629F67FFEE70DB475EF2AD59 /* Pods-otlob.debug.xcconfig */,
				6F3656C1126A391357E01CEC /* Pods-otlob.release.xcconfig */,
			);
			name = Pods;
			sourceTree = "<group>";
		};
/* End PBXGroup section */

/* Begin PBXNativeTarget section */
		5DA765282291703A002A4A3A /* otlob */ = {
			isa = PBXNativeTarget;
			buildConfigurationList = 5DA7653B2291703A002A4A3A /* Build configuration list for PBXNativeTarget "otlob" */;
			buildPhases = (
				42B69B984FA3D37F911861F9 /* [CP] Check Pods Manifest.lock */,
				5DA765252291703A002A4A3A /* Sources */,
				5DA765262291703A002A4A3A /* Frameworks */,
				5DA765272291703A002A4A3A /* Resources */,
				923C57F373B3623133FFEF9A /* [CP] Embed Pods Frameworks */,
			);
			buildRules = (
			);
			dependencies = (
			);
			name = otlob;
			productName = otlob;
			productReference = 5DA765292291703A002A4A3A /* otlob.app */;
			productType = "com.apple.product-type.application";
		};
/* End PBXNativeTarget section */

/* Begin PBXProject section */
		5DA765212291703A002A4A3A /* Project object */ = {
			isa = PBXProject;
			attributes = {
				LastSwiftUpdateCheck = 0920;
				LastUpgradeCheck = 0920;
				ORGANIZATIONNAME = yasmeen;
				TargetAttributes = {
					5DA765282291703A002A4A3A = {
						CreatedOnToolsVersion = 9.2;
						ProvisioningStyle = Automatic;
					};
				};
			};
			buildConfigurationList = 5DA765242291703A002A4A3A /* Build configuration list for PBXProject "otlob" */;
			compatibilityVersion = "Xcode 8.0";
			developmentRegion = en;
			hasScannedForEncodings = 0;
			knownRegions = (
				en,
				Base,
			);
			mainGroup = 5DA765202291703A002A4A3A;
			productRefGroup = 5DA7652A2291703A002A4A3A /* Products */;
			projectDirPath = "";
			projectRoot = "";
			targets = (
				5DA765282291703A002A4A3A /* otlob */,
			);
		};
/* End PBXProject section */

/* Begin PBXResourcesBuildPhase section */
		5DA765272291703A002A4A3A /* Resources */ = {
			isa = PBXResourcesBuildPhase;
			buildActionMask = 2147483647;
			files = (
				5DA765372291703A002A4A3A /* LaunchScreen.storyboard in Resources */,
				5DA765342291703A002A4A3A /* Assets.xcassets in Resources */,
				5DA765322291703A002A4A3A /* Main.storyboard in Resources */,
				5D3A9CDE22AD2C560060A5B4 /* GoogleService-Info.plist in Resources */,
			);
			runOnlyForDeploymentPostprocessing = 0;
		};
/* End PBXResourcesBuildPhase section */

/* Begin PBXShellScriptBuildPhase section */
		42B69B984FA3D37F911861F9 /* [CP] Check Pods Manifest.lock */ = {
			isa = PBXShellScriptBuildPhase;
			buildActionMask = 2147483647;
			files = (
			);
			inputPaths = (
				"${PODS_PODFILE_DIR_PATH}/Podfile.lock",
				"${PODS_ROOT}/Manifest.lock",
			);
			name = "[CP] Check Pods Manifest.lock";
			outputPaths = (
				"$(DERIVED_FILE_DIR)/Pods-otlob-checkManifestLockResult.txt",
			);
			runOnlyForDeploymentPostprocessing = 0;
			shellPath = /bin/sh;
			shellScript = "diff \"${PODS_PODFILE_DIR_PATH}/Podfile.lock\" \"${PODS_ROOT}/Manifest.lock\" > /dev/null\nif [ $? != 0 ] ; then\n    # print error to STDERR\n    echo \"error: The sandbox is not in sync with the Podfile.lock. Run 'pod install' or update your CocoaPods installation.\" >&2\n    exit 1\nfi\n# This output is used by Xcode 'outputs' to avoid re-running this script phase.\necho \"SUCCESS\" > \"${SCRIPT_OUTPUT_FILE_0}\"\n";
			showEnvVarsInLog = 0;
		};
		923C57F373B3623133FFEF9A /* [CP] Embed Pods Frameworks */ = {
			isa = PBXShellScriptBuildPhase;
			buildActionMask = 2147483647;
			files = (
			);
			inputPaths = (
				"${SRCROOT}/Pods/Target Support Files/Pods-otlob/Pods-otlob-frameworks.sh",
				"${BUILT_PRODUCTS_DIR}/GTMSessionFetcher/GTMSessionFetcher.framework",
				"${BUILT_PRODUCTS_DIR}/GoogleToolboxForMac/GoogleToolboxForMac.framework",
				"${BUILT_PRODUCTS_DIR}/Kingfisher/Kingfisher.framework",
				"${BUILT_PRODUCTS_DIR}/LBTAComponents/LBTAComponents.framework",
				"${BUILT_PRODUCTS_DIR}/TextFieldEffects/TextFieldEffects.framework",
				"${BUILT_PRODUCTS_DIR}/leveldb-library/leveldb.framework",
				"${BUILT_PRODUCTS_DIR}/nanopb/nanopb.framework",
			);
			name = "[CP] Embed Pods Frameworks";
			outputPaths = (
				"${TARGET_BUILD_DIR}/${FRAMEWORKS_FOLDER_PATH}/GTMSessionFetcher.framework",
				"${TARGET_BUILD_DIR}/${FRAMEWORKS_FOLDER_PATH}/GoogleToolboxForMac.framework",
				"${TARGET_BUILD_DIR}/${FRAMEWORKS_FOLDER_PATH}/Kingfisher.framework",
				"${TARGET_BUILD_DIR}/${FRAMEWORKS_FOLDER_PATH}/LBTAComponents.framework",
				"${TARGET_BUILD_DIR}/${FRAMEWORKS_FOLDER_PATH}/TextFieldEffects.framework",
				"${TARGET_BUILD_DIR}/${FRAMEWORKS_FOLDER_PATH}/leveldb.framework",
				"${TARGET_BUILD_DIR}/${FRAMEWORKS_FOLDER_PATH}/nanopb.framework",
			);
			runOnlyForDeploymentPostprocessing = 0;
			shellPath = /bin/sh;
			shellScript = "\"${SRCROOT}/Pods/Target Support Files/Pods-otlob/Pods-otlob-frameworks.sh\"\n";
			showEnvVarsInLog = 0;
		};
/* End PBXShellScriptBuildPhase section */

/* Begin PBXSourcesBuildPhase section */
		5DA765252291703A002A4A3A /* Sources */ = {
			isa = PBXSourcesBuildPhase;
			buildActionMask = 2147483647;
			files = (
				5D9C92A622A2CE2700F6EF1D /* HomeTableViewController.swift in Sources */,
				5D97A83122AC9E4C00A9D99F /* login.swift in Sources */,
				5D018DFF22AFC3D00070A391 /* AddressDAOImp.swift in Sources */,
				5D9C92A022A01B4200F6EF1D /* DataModelOfCollabseTabel.swift in Sources */,
				5D9C92A422A0240300F6EF1D /* CollabseViewController.swift in Sources */,
				5DFCEDB1229D4A1B0031650A /* HomeViewController.swift in Sources */,
				5DC94F5C229D62AE00C84FEC /* OrdersViewController.swift in Sources */,
				5D018E0422AFE1670070A391 /* AddressCell.swift in Sources */,
				5D9C92AA22A396B700F6EF1D /* AddToCardViewController.swift in Sources */,
				5D04314922B520DC00237013 /* Additions.swift in Sources */,
				5DA7652F2291703A002A4A3A /* ViewController.swift in Sources */,
				83FFFCA7229F320700C5D6CD /* testcontroller.swift in Sources */,
				5D04314722B5208400237013 /* SubCategory.swift in Sources */,
				5D9C92A222A01D8400F6EF1D /* HeaderView.swift in Sources */,
				5DFCEDAF229C15300031650A /* Language.swift in Sources */,
				5D97A82F22AC72AF00A9D99F /* AddressesTabelViewController.swift in Sources */,
				5D04314122B500E600237013 /* HomeCell.swift in Sources */,
				5D018DFD22AFBA8A0070A391 /* Address.swift in Sources */,
				5D04314322B51A7700237013 /* Meal.swift in Sources */,
				5D9C929E229F3AD700F6EF1D /* test2ViewController.swift in Sources */,
				5DA7652D2291703A002A4A3A /* AppDelegate.swift in Sources */,
				5D0BFC6F2292BE6300221F2B /* loginViewController.swift in Sources */,
				5DECB10322ACD87C00C86027 /* CreateAccount.swift in Sources */,
				5D04314522B51FCB00237013 /* Category.swift in Sources */,
			);
			runOnlyForDeploymentPostprocessing = 0;
		};
/* End PBXSourcesBuildPhase section */

/* Begin PBXVariantGroup section */
		5DA765302291703A002A4A3A /* Main.storyboard */ = {
			isa = PBXVariantGroup;
			children = (
				5DA765312291703A002A4A3A /* Base */,
			);
			name = Main.storyboard;
			sourceTree = "<group>";
		};
		5DA765352291703A002A4A3A /* LaunchScreen.storyboard */ = {
			isa = PBXVariantGroup;
			children = (
				5DA765362291703A002A4A3A /* Base */,
			);
			name = LaunchScreen.storyboard;
			sourceTree = "<group>";
		};
/* End PBXVariantGroup section */

/* Begin XCBuildConfiguration section */
		5DA765392291703A002A4A3A /* Debug */ = {
			isa = XCBuildConfiguration;
			buildSettings = {
				ALWAYS_SEARCH_USER_PATHS = NO;
				CLANG_ANALYZER_NONNULL = YES;
				CLANG_ANALYZER_NUMBER_OBJECT_CONVERSION = YES_AGGRESSIVE;
				CLANG_CXX_LANGUAGE_STANDARD = "gnu++14";
				CLANG_CXX_LIBRARY = "libc++";
				CLANG_ENABLE_MODULES = YES;
				CLANG_ENABLE_OBJC_ARC = YES;
				CLANG_WARN_BLOCK_CAPTURE_AUTORELEASING = YES;
				CLANG_WARN_BOOL_CONVERSION = YES;
				CLANG_WARN_COMMA = YES;
				CLANG_WARN_CONSTANT_CONVERSION = YES;
				CLANG_WARN_DIRECT_OBJC_ISA_USAGE = YES_ERROR;
				CLANG_WARN_DOCUMENTATION_COMMENTS = YES;
				CLANG_WARN_EMPTY_BODY = YES;
				CLANG_WARN_ENUM_CONVERSION = YES;
				CLANG_WARN_INFINITE_RECURSION = YES;
				CLANG_WARN_INT_CONVERSION = YES;
				CLANG_WARN_NON_LITERAL_NULL_CONVERSION = YES;
				CLANG_WARN_OBJC_LITERAL_CONVERSION = YES;
				CLANG_WARN_OBJC_ROOT_CLASS = YES_ERROR;
				CLANG_WARN_RANGE_LOOP_ANALYSIS = YES;
				CLANG_WARN_STRICT_PROTOTYPES = YES;
				CLANG_WARN_SUSPICIOUS_MOVE = YES;
				CLANG_WARN_UNGUARDED_AVAILABILITY = YES_AGGRESSIVE;
				CLANG_WARN_UNREACHABLE_CODE = YES;
				CLANG_WARN__DUPLICATE_METHOD_MATCH = YES;
				CODE_SIGN_IDENTITY = "iPhone Developer";
				COPY_PHASE_STRIP = NO;
				DEBUG_INFORMATION_FORMAT = dwarf;
				ENABLE_STRICT_OBJC_MSGSEND = YES;
				ENABLE_TESTABILITY = YES;
				GCC_C_LANGUAGE_STANDARD = gnu11;
				GCC_DYNAMIC_NO_PIC = NO;
				GCC_NO_COMMON_BLOCKS = YES;
				GCC_OPTIMIZATION_LEVEL = 0;
				GCC_PREPROCESSOR_DEFINITIONS = (
					"DEBUG=1",
					"$(inherited)",
				);
				GCC_WARN_64_TO_32_BIT_CONVERSION = YES;
				GCC_WARN_ABOUT_RETURN_TYPE = YES_ERROR;
				GCC_WARN_UNDECLARED_SELECTOR = YES;
				GCC_WARN_UNINITIALIZED_AUTOS = YES_AGGRESSIVE;
				GCC_WARN_UNUSED_FUNCTION = YES;
				GCC_WARN_UNUSED_VARIABLE = YES;
				IPHONEOS_DEPLOYMENT_TARGET = 11.2;
				MTL_ENABLE_DEBUG_INFO = YES;
				ONLY_ACTIVE_ARCH = YES;
				SDKROOT = iphoneos;
				SWIFT_ACTIVE_COMPILATION_CONDITIONS = DEBUG;
				SWIFT_OPTIMIZATION_LEVEL = "-Onone";
			};
			name = Debug;
		};
		5DA7653A2291703A002A4A3A /* Release */ = {
			isa = XCBuildConfiguration;
			buildSettings = {
				ALWAYS_SEARCH_USER_PATHS = NO;
				CLANG_ANALYZER_NONNULL = YES;
				CLANG_ANALYZER_NUMBER_OBJECT_CONVERSION = YES_AGGRESSIVE;
				CLANG_CXX_LANGUAGE_STANDARD = "gnu++14";
				CLANG_CXX_LIBRARY = "libc++";
				CLANG_ENABLE_MODULES = YES;
				CLANG_ENABLE_OBJC_ARC = YES;
				CLANG_WARN_BLOCK_CAPTURE_AUTORELEASING = YES;
				CLANG_WARN_BOOL_CONVERSION = YES;
				CLANG_WARN_COMMA = YES;
				CLANG_WARN_CONSTANT_CONVERSION = YES;
				CLANG_WARN_DIRECT_OBJC_ISA_USAGE = YES_ERROR;
				CLANG_WARN_DOCUMENTATION_COMMENTS = YES;
				CLANG_WARN_EMPTY_BODY = YES;
				CLANG_WARN_ENUM_CONVERSION = YES;
				CLANG_WARN_INFINITE_RECURSION = YES;
				CLANG_WARN_INT_CONVERSION = YES;
				CLANG_WARN_NON_LITERAL_NULL_CONVERSION = YES;
				CLANG_WARN_OBJC_LITERAL_CONVERSION = YES;
				CLANG_WARN_OBJC_ROOT_CLASS = YES_ERROR;
				CLANG_WARN_RANGE_LOOP_ANALYSIS = YES;
				CLANG_WARN_STRICT_PROTOTYPES = YES;
				CLANG_WARN_SUSPICIOUS_MOVE = YES;
				CLANG_WARN_UNGUARDED_AVAILABILITY = YES_AGGRESSIVE;
				CLANG_WARN_UNREACHABLE_CODE = YES;
				CLANG_WARN__DUPLICATE_METHOD_MATCH = YES;
				CODE_SIGN_IDENTITY = "iPhone Developer";
				COPY_PHASE_STRIP = NO;
				DEBUG_INFORMATION_FORMAT = "dwarf-with-dsym";
				ENABLE_NS_ASSERTIONS = NO;
				ENABLE_STRICT_OBJC_MSGSEND = YES;
				GCC_C_LANGUAGE_STANDARD = gnu11;
				GCC_NO_COMMON_BLOCKS = YES;
				GCC_WARN_64_TO_32_BIT_CONVERSION = YES;
				GCC_WARN_ABOUT_RETURN_TYPE = YES_ERROR;
				GCC_WARN_UNDECLARED_SELECTOR = YES;
				GCC_WARN_UNINITIALIZED_AUTOS = YES_AGGRESSIVE;
				GCC_WARN_UNUSED_FUNCTION = YES;
				GCC_WARN_UNUSED_VARIABLE = YES;
				IPHONEOS_DEPLOYMENT_TARGET = 11.2;
				MTL_ENABLE_DEBUG_INFO = NO;
				SDKROOT = iphoneos;
				SWIFT_OPTIMIZATION_LEVEL = "-Owholemodule";
				VALIDATE_PRODUCT = YES;
			};
			name = Release;
		};
		5DA7653C2291703A002A4A3A /* Debug */ = {
			isa = XCBuildConfiguration;
			baseConfigurationReference = 629F67FFEE70DB475EF2AD59 /* Pods-otlob.debug.xcconfig */;
			buildSettings = {
				ASSETCATALOG_COMPILER_APPICON_NAME = AppIcon;
				CODE_SIGN_STYLE = Automatic;
				INFOPLIST_FILE = otlob/Info.plist;
				LD_RUNPATH_SEARCH_PATHS = "$(inherited) @executable_path/Frameworks";
				PRODUCT_BUNDLE_IDENTIFIER = ITI.otlob;
				PRODUCT_NAME = "$(TARGET_NAME)";
				SWIFT_VERSION = 4.0;
				TARGETED_DEVICE_FAMILY = "1,2";
			};
			name = Debug;
		};
		5DA7653D2291703A002A4A3A /* Release */ = {
			isa = XCBuildConfiguration;
			baseConfigurationReference = 6F3656C1126A391357E01CEC /* Pods-otlob.release.xcconfig */;
			buildSettings = {
				ASSETCATALOG_COMPILER_APPICON_NAME = AppIcon;
				CODE_SIGN_STYLE = Automatic;
				INFOPLIST_FILE = otlob/Info.plist;
				LD_RUNPATH_SEARCH_PATHS = "$(inherited) @executable_path/Frameworks";
				PRODUCT_BUNDLE_IDENTIFIER = ITI.otlob;
				PRODUCT_NAME = "$(TARGET_NAME)";
				SWIFT_VERSION = 4.0;
				TARGETED_DEVICE_FAMILY = "1,2";
			};
			name = Release;
		};
/* End XCBuildConfiguration section */

/* Begin XCConfigurationList section */
		5DA765242291703A002A4A3A /* Build configuration list for PBXProject "otlob" */ = {
			isa = XCConfigurationList;
			buildConfigurations = (
				5DA765392291703A002A4A3A /* Debug */,
				5DA7653A2291703A002A4A3A /* Release */,
			);
			defaultConfigurationIsVisible = 0;
			defaultConfigurationName = Release;
		};
		5DA7653B2291703A002A4A3A /* Build configuration list for PBXNativeTarget "otlob" */ = {
			isa = XCConfigurationList;
			buildConfigurations = (
				5DA7653C2291703A002A4A3A /* Debug */,
				5DA7653D2291703A002A4A3A /* Release */,
			);
			defaultConfigurationIsVisible = 0;
			defaultConfigurationName = Release;
		};
/* End XCConfigurationList section */
	};
	rootObject = 5DA765212291703A002A4A3A /* Project object */;
}
